
Microsoft Visual Studio Solution File, Format Version 12.00
# Visual Studio Version 17
VisualStudioVersion = 17.0.31903.59
MinimumVisualStudioVersion = 10.0.40219.1
Project("{FAE04EC0-301F-11D3-BF4B-00C04F79EFBC}") = "FluentBuilder", "Builder\FluentBuilder\FluentBuilder.csproj", "{02754A7E-BD65-48B7-A626-6215966AE48E}"
EndProject
Project("{2150E333-8FDC-42A3-9474-1A3956D46DE8}") = "Builders", "Builders", "{1884FD5F-C219-4457-86CD-8DEE8E138DDE}"
EndProject
Project("{FAE04EC0-301F-11D3-BF4B-00C04F79EFBC}") = "StepwiseBuilder", "Builder\StepwiseBuilder\StepwiseBuilder.csproj", "{609FA8D2-93F5-4131-B97C-2DB007313884}"
EndProject
Project("{FAE04EC0-301F-11D3-BF4B-00C04F79EFBC}") = "FunctionalBuilder", "Builder\FunctionalBuilder\FunctionalBuilder.csproj", "{BF5A6789-4598-4FAA-A5EA-479A7704115D}"
EndProject
Project("{FAE04EC0-301F-11D3-BF4B-00C04F79EFBC}") = "FacetedBuilder", "Builder\FacetedBuilder\FacetedBuilder.csproj", "{4A5D78F2-18DA-40A9-95C3-01A1BB213B54}"
EndProject
Project("{FAE04EC0-301F-11D3-BF4B-00C04F79EFBC}") = "Example", "Builder\Example\Example.csproj", "{C735CC3E-7C24-4417-8CA4-D6E56CB0D4E0}"
EndProject
Project("{2150E333-8FDC-42A3-9474-1A3956D46DE8}") = "Factory", "Factory", "{A8C789C5-1CCC-44AC-941B-977B93655FB2}"
EndProject
Project("{FAE04EC0-301F-11D3-BF4B-00C04F79EFBC}") = "FactoryMethod", "Factory\FactoryMethod\FactoryMethod.csproj", "{DA92F50B-AE46-4C39-90D2-6DF202836D6C}"
EndProject
Project("{FAE04EC0-301F-11D3-BF4B-00C04F79EFBC}") = "Factory", "Factory\Factory\Factory.csproj", "{A448397E-965A-482E-BE82-77B4D6B61D61}"
EndProject
Project("{FAE04EC0-301F-11D3-BF4B-00C04F79EFBC}") = "AbstractFactory", "Factory\AbstractFactory\AbstractFactory.csproj", "{66E269D3-C328-4A19-A220-5D5EB2FE4422}"
EndProject
Project("{2150E333-8FDC-42A3-9474-1A3956D46DE8}") = "Creational", "Creational", "{C6624F3B-1E00-448C-9C89-8D03B500D42F}"
EndProject
Project("{FAE04EC0-301F-11D3-BF4B-00C04F79EFBC}") = "Example", "Factory\Example\Example.csproj", "{D10445BE-83B6-4D04-9A4F-6F3D2829AEFE}"
EndProject
Project("{FAE04EC0-301F-11D3-BF4B-00C04F79EFBC}") = "Prototype", "Prototype\Prototype\Prototype.csproj", "{253B8891-28BE-4E93-A90E-CC5E3661B8B4}"
EndProject
Project("{2150E333-8FDC-42A3-9474-1A3956D46DE8}") = "Prototype", "Prototype", "{A3CEDFE5-59FE-4967-9A0D-F9F8EB21E510}"
EndProject
Project("{FAE04EC0-301F-11D3-BF4B-00C04F79EFBC}") = "SerializationPrototype", "Prototype\SerializationPrototype\SerializationPrototype.csproj", "{F31562D0-8B58-4B6D-B79E-45F2E861B534}"
EndProject
Project("{FAE04EC0-301F-11D3-BF4B-00C04F79EFBC}") = "Example", "Prototype\Example\Example.csproj", "{B593EAC3-1858-4A9D-BE33-52356D8228B5}"
EndProject
Project("{2150E333-8FDC-42A3-9474-1A3956D46DE8}") = "Singleton", "Singleton", "{B75C2A82-C245-400E-AEFD-7A248E2E7CCE}"
EndProject
Project("{FAE04EC0-301F-11D3-BF4B-00C04F79EFBC}") = "Singleton", "Singleton\Singleton\Singleton.csproj", "{37E8A269-7C1C-42A8-9E3B-5D95B6597367}"
EndProject
Project("{FAE04EC0-301F-11D3-BF4B-00C04F79EFBC}") = "MonostateSingleton", "Singleton\MonostateSingleton\MonostateSingleton.csproj", "{6B979646-1EC2-4AF1-8E40-C607A91BB087}"
EndProject
Project("{FAE04EC0-301F-11D3-BF4B-00C04F79EFBC}") = "PerThreadSingleton", "Singleton\PerThreadSingleton\PerThreadSingleton.csproj", "{9EC8B9BD-7124-4C10-9642-8D71DA99FB5F}"
EndProject
Project("{2150E333-8FDC-42A3-9474-1A3956D46DE8}") = "Structural", "Structural", "{00BA64CC-C0F4-4537-A3AD-40B0A1AEBEAD}"
EndProject
Project("{2150E333-8FDC-42A3-9474-1A3956D46DE8}") = "Adapter", "Adapter", "{AC3678FA-23AC-49E0-87B0-E6C206CDBE03}"
EndProject
Project("{FAE04EC0-301F-11D3-BF4B-00C04F79EFBC}") = "Adapter", "Adapter\Adapter\Adapter.csproj", "{7F475A18-8292-4FD5-85B4-3CC23C33729A}"
EndProject
Project("{FAE04EC0-301F-11D3-BF4B-00C04F79EFBC}") = "GenericValueAdapter", "Adapter\GenericValueAdapter\GenericValueAdapter.csproj", "{92C9D58D-A388-47D8-96D2-B167810BEAC1}"
EndProject
Global
	GlobalSection(SolutionConfigurationPlatforms) = preSolution
		Debug|Any CPU = Debug|Any CPU
		Release|Any CPU = Release|Any CPU
	EndGlobalSection
	GlobalSection(SolutionProperties) = preSolution
		HideSolutionNode = FALSE
	EndGlobalSection
	GlobalSection(ProjectConfigurationPlatforms) = postSolution
		{02754A7E-BD65-48B7-A626-6215966AE48E}.Debug|Any CPU.ActiveCfg = Debug|Any CPU
		{02754A7E-BD65-48B7-A626-6215966AE48E}.Debug|Any CPU.Build.0 = Debug|Any CPU
		{02754A7E-BD65-48B7-A626-6215966AE48E}.Release|Any CPU.ActiveCfg = Release|Any CPU
		{02754A7E-BD65-48B7-A626-6215966AE48E}.Release|Any CPU.Build.0 = Release|Any CPU
		{609FA8D2-93F5-4131-B97C-2DB007313884}.Debug|Any CPU.ActiveCfg = Debug|Any CPU
		{609FA8D2-93F5-4131-B97C-2DB007313884}.Debug|Any CPU.Build.0 = Debug|Any CPU
		{609FA8D2-93F5-4131-B97C-2DB007313884}.Release|Any CPU.ActiveCfg = Release|Any CPU
		{609FA8D2-93F5-4131-B97C-2DB007313884}.Release|Any CPU.Build.0 = Release|Any CPU
		{BF5A6789-4598-4FAA-A5EA-479A7704115D}.Debug|Any CPU.ActiveCfg = Debug|Any CPU
		{BF5A6789-4598-4FAA-A5EA-479A7704115D}.Debug|Any CPU.Build.0 = Debug|Any CPU
		{BF5A6789-4598-4FAA-A5EA-479A7704115D}.Release|Any CPU.ActiveCfg = Release|Any CPU
		{BF5A6789-4598-4FAA-A5EA-479A7704115D}.Release|Any CPU.Build.0 = Release|Any CPU
		{4A5D78F2-18DA-40A9-95C3-01A1BB213B54}.Debug|Any CPU.ActiveCfg = Debug|Any CPU
		{4A5D78F2-18DA-40A9-95C3-01A1BB213B54}.Debug|Any CPU.Build.0 = Debug|Any CPU
		{4A5D78F2-18DA-40A9-95C3-01A1BB213B54}.Release|Any CPU.ActiveCfg = Release|Any CPU
		{4A5D78F2-18DA-40A9-95C3-01A1BB213B54}.Release|Any CPU.Build.0 = Release|Any CPU
		{C735CC3E-7C24-4417-8CA4-D6E56CB0D4E0}.Debug|Any CPU.ActiveCfg = Debug|Any CPU
		{C735CC3E-7C24-4417-8CA4-D6E56CB0D4E0}.Debug|Any CPU.Build.0 = Debug|Any CPU
		{C735CC3E-7C24-4417-8CA4-D6E56CB0D4E0}.Release|Any CPU.ActiveCfg = Release|Any CPU
		{C735CC3E-7C24-4417-8CA4-D6E56CB0D4E0}.Release|Any CPU.Build.0 = Release|Any CPU
		{DA92F50B-AE46-4C39-90D2-6DF202836D6C}.Debug|Any CPU.ActiveCfg = Debug|Any CPU
		{DA92F50B-AE46-4C39-90D2-6DF202836D6C}.Debug|Any CPU.Build.0 = Debug|Any CPU
		{DA92F50B-AE46-4C39-90D2-6DF202836D6C}.Release|Any CPU.ActiveCfg = Release|Any CPU
		{DA92F50B-AE46-4C39-90D2-6DF202836D6C}.Release|Any CPU.Build.0 = Release|Any CPU
		{A448397E-965A-482E-BE82-77B4D6B61D61}.Debug|Any CPU.ActiveCfg = Debug|Any CPU
		{A448397E-965A-482E-BE82-77B4D6B61D61}.Debug|Any CPU.Build.0 = Debug|Any CPU
		{A448397E-965A-482E-BE82-77B4D6B61D61}.Release|Any CPU.ActiveCfg = Release|Any CPU
		{A448397E-965A-482E-BE82-77B4D6B61D61}.Release|Any CPU.Build.0 = Release|Any CPU
		{66E269D3-C328-4A19-A220-5D5EB2FE4422}.Debug|Any CPU.ActiveCfg = Debug|Any CPU
		{66E269D3-C328-4A19-A220-5D5EB2FE4422}.Debug|Any CPU.Build.0 = Debug|Any CPU
		{66E269D3-C328-4A19-A220-5D5EB2FE4422}.Release|Any CPU.ActiveCfg = Release|Any CPU
		{66E269D3-C328-4A19-A220-5D5EB2FE4422}.Release|Any CPU.Build.0 = Release|Any CPU
		{D10445BE-83B6-4D04-9A4F-6F3D2829AEFE}.Debug|Any CPU.ActiveCfg = Debug|Any CPU
		{D10445BE-83B6-4D04-9A4F-6F3D2829AEFE}.Debug|Any CPU.Build.0 = Debug|Any CPU
		{D10445BE-83B6-4D04-9A4F-6F3D2829AEFE}.Release|Any CPU.ActiveCfg = Release|Any CPU
		{D10445BE-83B6-4D04-9A4F-6F3D2829AEFE}.Release|Any CPU.Build.0 = Release|Any CPU
		{253B8891-28BE-4E93-A90E-CC5E3661B8B4}.Debug|Any CPU.ActiveCfg = Debug|Any CPU
		{253B8891-28BE-4E93-A90E-CC5E3661B8B4}.Debug|Any CPU.Build.0 = Debug|Any CPU
		{253B8891-28BE-4E93-A90E-CC5E3661B8B4}.Release|Any CPU.ActiveCfg = Release|Any CPU
		{253B8891-28BE-4E93-A90E-CC5E3661B8B4}.Release|Any CPU.Build.0 = Release|Any CPU
		{F31562D0-8B58-4B6D-B79E-45F2E861B534}.Debug|Any CPU.ActiveCfg = Debug|Any CPU
		{F31562D0-8B58-4B6D-B79E-45F2E861B534}.Debug|Any CPU.Build.0 = Debug|Any CPU
		{F31562D0-8B58-4B6D-B79E-45F2E861B534}.Release|Any CPU.ActiveCfg = Release|Any CPU
		{F31562D0-8B58-4B6D-B79E-45F2E861B534}.Release|Any CPU.Build.0 = Release|Any CPU
		{B593EAC3-1858-4A9D-BE33-52356D8228B5}.Debug|Any CPU.ActiveCfg = Debug|Any CPU
		{B593EAC3-1858-4A9D-BE33-52356D8228B5}.Debug|Any CPU.Build.0 = Debug|Any CPU
		{B593EAC3-1858-4A9D-BE33-52356D8228B5}.Release|Any CPU.ActiveCfg = Release|Any CPU
		{B593EAC3-1858-4A9D-BE33-52356D8228B5}.Release|Any CPU.Build.0 = Release|Any CPU
		{37E8A269-7C1C-42A8-9E3B-5D95B6597367}.Debug|Any CPU.ActiveCfg = Debug|Any CPU
		{37E8A269-7C1C-42A8-9E3B-5D95B6597367}.Debug|Any CPU.Build.0 = Debug|Any CPU
		{37E8A269-7C1C-42A8-9E3B-5D95B6597367}.Release|Any CPU.ActiveCfg = Release|Any CPU
		{37E8A269-7C1C-42A8-9E3B-5D95B6597367}.Release|Any CPU.Build.0 = Release|Any CPU
		{6B979646-1EC2-4AF1-8E40-C607A91BB087}.Debug|Any CPU.ActiveCfg = Debug|Any CPU
		{6B979646-1EC2-4AF1-8E40-C607A91BB087}.Debug|Any CPU.Build.0 = Debug|Any CPU
		{6B979646-1EC2-4AF1-8E40-C607A91BB087}.Release|Any CPU.ActiveCfg = Release|Any CPU
		{6B979646-1EC2-4AF1-8E40-C607A91BB087}.Release|Any CPU.Build.0 = Release|Any CPU
		{9EC8B9BD-7124-4C10-9642-8D71DA99FB5F}.Debug|Any CPU.ActiveCfg = Debug|Any CPU
		{9EC8B9BD-7124-4C10-9642-8D71DA99FB5F}.Debug|Any CPU.Build.0 = Debug|Any CPU
		{9EC8B9BD-7124-4C10-9642-8D71DA99FB5F}.Release|Any CPU.ActiveCfg = Release|Any CPU
		{9EC8B9BD-7124-4C10-9642-8D71DA99FB5F}.Release|Any CPU.Build.0 = Release|Any CPU
		{7F475A18-8292-4FD5-85B4-3CC23C33729A}.Debug|Any CPU.ActiveCfg = Debug|Any CPU
		{7F475A18-8292-4FD5-85B4-3CC23C33729A}.Debug|Any CPU.Build.0 = Debug|Any CPU
		{7F475A18-8292-4FD5-85B4-3CC23C33729A}.Release|Any CPU.ActiveCfg = Release|Any CPU
		{7F475A18-8292-4FD5-85B4-3CC23C33729A}.Release|Any CPU.Build.0 = Release|Any CPU
		{92C9D58D-A388-47D8-96D2-B167810BEAC1}.Debug|Any CPU.ActiveCfg = Debug|Any CPU
		{92C9D58D-A388-47D8-96D2-B167810BEAC1}.Debug|Any CPU.Build.0 = Debug|Any CPU
		{92C9D58D-A388-47D8-96D2-B167810BEAC1}.Release|Any CPU.ActiveCfg = Release|Any CPU
		{92C9D58D-A388-47D8-96D2-B167810BEAC1}.Release|Any CPU.Build.0 = Release|Any CPU
	EndGlobalSection
	GlobalSection(NestedProjects) = preSolution
		{AC3678FA-23AC-49E0-87B0-E6C206CDBE03} = {00BA64CC-C0F4-4537-A3AD-40B0A1AEBEAD}
		{B75C2A82-C245-400E-AEFD-7A248E2E7CCE} = {C6624F3B-1E00-448C-9C89-8D03B500D42F}
		{A3CEDFE5-59FE-4967-9A0D-F9F8EB21E510} = {C6624F3B-1E00-448C-9C89-8D03B500D42F}
		{1884FD5F-C219-4457-86CD-8DEE8E138DDE} = {C6624F3B-1E00-448C-9C89-8D03B500D42F}
		{A8C789C5-1CCC-44AC-941B-977B93655FB2} = {C6624F3B-1E00-448C-9C89-8D03B500D42F}
		{66E269D3-C328-4A19-A220-5D5EB2FE4422} = {A8C789C5-1CCC-44AC-941B-977B93655FB2}
		{A448397E-965A-482E-BE82-77B4D6B61D61} = {A8C789C5-1CCC-44AC-941B-977B93655FB2}
		{DA92F50B-AE46-4C39-90D2-6DF202836D6C} = {A8C789C5-1CCC-44AC-941B-977B93655FB2}
		{C735CC3E-7C24-4417-8CA4-D6E56CB0D4E0} = {1884FD5F-C219-4457-86CD-8DEE8E138DDE}
		{4A5D78F2-18DA-40A9-95C3-01A1BB213B54} = {1884FD5F-C219-4457-86CD-8DEE8E138DDE}
		{BF5A6789-4598-4FAA-A5EA-479A7704115D} = {1884FD5F-C219-4457-86CD-8DEE8E138DDE}
		{609FA8D2-93F5-4131-B97C-2DB007313884} = {1884FD5F-C219-4457-86CD-8DEE8E138DDE}
		{02754A7E-BD65-48B7-A626-6215966AE48E} = {1884FD5F-C219-4457-86CD-8DEE8E138DDE}
		{D10445BE-83B6-4D04-9A4F-6F3D2829AEFE} = {A8C789C5-1CCC-44AC-941B-977B93655FB2}
		{253B8891-28BE-4E93-A90E-CC5E3661B8B4} = {A3CEDFE5-59FE-4967-9A0D-F9F8EB21E510}
		{F31562D0-8B58-4B6D-B79E-45F2E861B534} = {A3CEDFE5-59FE-4967-9A0D-F9F8EB21E510}
		{B593EAC3-1858-4A9D-BE33-52356D8228B5} = {A3CEDFE5-59FE-4967-9A0D-F9F8EB21E510}
		{37E8A269-7C1C-42A8-9E3B-5D95B6597367} = {B75C2A82-C245-400E-AEFD-7A248E2E7CCE}
		{6B979646-1EC2-4AF1-8E40-C607A91BB087} = {B75C2A82-C245-400E-AEFD-7A248E2E7CCE}
		{9EC8B9BD-7124-4C10-9642-8D71DA99FB5F} = {B75C2A82-C245-400E-AEFD-7A248E2E7CCE}
		{7F475A18-8292-4FD5-85B4-3CC23C33729A} = {AC3678FA-23AC-49E0-87B0-E6C206CDBE03}
		{92C9D58D-A388-47D8-96D2-B167810BEAC1} = {AC3678FA-23AC-49E0-87B0-E6C206CDBE03}
	EndGlobalSection
EndGlobal
